
Microsoft Visual Studio Solution File, Format Version 12.00
# Visual Studio Version 16
VisualStudioVersion = 16.0.30907.101
MinimumVisualStudioVersion = 10.0.40219.1
Project("{9A19103F-16F7-4668-BE54-9A1E7A4F7556}") = "WorldWideImports.Data", "..\WorldWideImports.Data\WorldWideImports.Data.csproj", "{D5C0E03F-1650-4BDD-B524-4F3A163FA901}"
EndProject
Project("{9A19103F-16F7-4668-BE54-9A1E7A4F7556}") = "WorldWideImports.Domain", "..\WorldWideImports.Domain\WorldWideImports.Domain.csproj", "{2E9DCECD-6BA8-4453-AF9E-5BF1B46779A5}"
EndProject
Project("{9A19103F-16F7-4668-BE54-9A1E7A4F7556}") = "WorldWideImports.Client", "WorldWideImports.Client\WorldWideImports.Client.csproj", "{1B1D1740-0A56-49E7-A84B-92E6B180B0C2}"
EndProject
Global
	GlobalSection(SolutionConfigurationPlatforms) = preSolution
		Debug|Any CPU = Debug|Any CPU
		Release|Any CPU = Release|Any CPU
	EndGlobalSection
	GlobalSection(ProjectConfigurationPlatforms) = postSolution
		{D5C0E03F-1650-4BDD-B524-4F3A163FA901}.Debug|Any CPU.ActiveCfg = Debug|Any CPU
		{D5C0E03F-1650-4BDD-B524-4F3A163FA901}.Debug|Any CPU.Build.0 = Debug|Any CPU
		{D5C0E03F-1650-4BDD-B524-4F3A163FA901}.Release|Any CPU.ActiveCfg = Release|Any CPU
		{D5C0E03F-1650-4BDD-B524-4F3A163FA901}.Release|Any CPU.Build.0 = Release|Any CPU
		{2E9DCECD-6BA8-4453-AF9E-5BF1B46779A5}.Debug|Any CPU.ActiveCfg = Debug|Any CPU
		{2E9DCECD-6BA8-4453-AF9E-5BF1B46779A5}.Debug|Any CPU.Build.0 = Debug|Any CPU
		{2E9DCECD-6BA8-4453-AF9E-5BF1B46779A5}.Release|Any CPU.ActiveCfg = Release|Any CPU
		{2E9DCECD-6BA8-4453-AF9E-5BF1B46779A5}.Release|Any CPU.Build.0 = Release|Any CPU
		{1B1D1740-0A56-49E7-A84B-92E6B180B0C2}.Debug|Any CPU.ActiveCfg = Debug|Any CPU
		{1B1D1740-0A56-49E7-A84B-92E6B180B0C2}.Debug|Any CPU.Build.0 = Debug|Any CPU
		{1B1D1740-0A56-49E7-A84B-92E6B180B0C2}.Release|Any CPU.ActiveCfg = Release|Any CPU
		{1B1D1740-0A56-49E7-A84B-92E6B180B0C2}.Release|Any CPU.Build.0 = Release|Any CPU
	EndGlobalSection
	GlobalSection(SolutionProperties) = preSolution
		HideSolutionNode = FALSE
	EndGlobalSection
	GlobalSection(ExtensibilityGlobals) = postSolution
		SolutionGuid = {6400A194-E3D0-49CC-B716-0535D79F79A9}
	EndGlobalSection
EndGlobal
